
Microsoft Visual Studio Solution File, Format Version 12.00
# Visual Studio Version 16
VisualStudioVersion = 16.0.30204.135
MinimumVisualStudioVersion = 10.0.40219.1
Project("{FAE04EC0-301F-11D3-BF4B-00C04F79EFBC}") = "Calculadora1", "Calculadora1\Calculadora1.csproj", "{D494C336-8369-492B-9A38-A226B05417FF}"
EndProject
Global
	GlobalSection(SolutionConfigurationPlatforms) = preSolution
		Debug|Any CPU = Debug|Any CPU
		Release|Any CPU = Release|Any CPU
	EndGlobalSection
	GlobalSection(ProjectConfigurationPlatforms) = postSolution
		{D494C336-8369-492B-9A38-A226B05417FF}.Debug|Any CPU.ActiveCfg = Debug|Any CPU
		{D494C336-8369-492B-9A38-A226B05417FF}.Debug|Any CPU.Build.0 = Debug|Any CPU
		{D494C336-8369-492B-9A38-A226B05417FF}.Release|Any CPU.ActiveCfg = Release|Any CPU
		{D494C336-8369-492B-9A38-A226B05417FF}.Release|Any CPU.Build.0 = Release|Any CPU
	EndGlobalSection
	GlobalSection(SolutionProperties) = preSolution
		HideSolutionNode = FALSE
	EndGlobalSection
	GlobalSection(ExtensibilityGlobals) = postSolution
		SolutionGuid = {5B65515C-5BB6-46D7-BCA3-30927130BCC8}
	EndGlobalSection
EndGlobal
